
Microsoft Visual Studio Solution File, Format Version 12.00
# Visual Studio Version 16
VisualStudioVersion = 16.0.31005.135
MinimumVisualStudioVersion = 10.0.40219.1
Project("{FAE04EC0-301F-11D3-BF4B-00C04F79EFBC}") = "MorseCode.Android", "MorseCode\MorseCode.Android\MorseCode.Android.csproj", "{4245FE96-E829-4683-A5B2-878CC07B921E}"
EndProject
Project("{FAE04EC0-301F-11D3-BF4B-00C04F79EFBC}") = "MorseCode.iOS", "MorseCode\MorseCode.iOS\MorseCode.iOS.csproj", "{112C55D7-C56F-4524-8319-02AD400047B6}"
EndProject
Project("{FAE04EC0-301F-11D3-BF4B-00C04F79EFBC}") = "MorseCode", "MorseCode\MorseCode\MorseCode.csproj", "{8381A570-C393-49BA-88CE-21FA99E0A12A}"
EndProject
Global
	GlobalSection(SolutionConfigurationPlatforms) = preSolution
		Debug|Any CPU = Debug|Any CPU
		Debug|iPhone = Debug|iPhone
		Debug|iPhoneSimulator = Debug|iPhoneSimulator
		Release|Any CPU = Release|Any CPU
		Release|iPhone = Release|iPhone
		Release|iPhoneSimulator = Release|iPhoneSimulator
	EndGlobalSection
	GlobalSection(ProjectConfigurationPlatforms) = postSolution
		{4245FE96-E829-4683-A5B2-878CC07B921E}.Debug|Any CPU.ActiveCfg = Debug|Any CPU
		{4245FE96-E829-4683-A5B2-878CC07B921E}.Debug|Any CPU.Build.0 = Debug|Any CPU
		{4245FE96-E829-4683-A5B2-878CC07B921E}.Debug|Any CPU.Deploy.0 = Debug|Any CPU
		{4245FE96-E829-4683-A5B2-878CC07B921E}.Debug|iPhone.ActiveCfg = Debug|Any CPU
		{4245FE96-E829-4683-A5B2-878CC07B921E}.Debug|iPhone.Build.0 = Debug|Any CPU
		{4245FE96-E829-4683-A5B2-878CC07B921E}.Debug|iPhone.Deploy.0 = Debug|Any CPU
		{4245FE96-E829-4683-A5B2-878CC07B921E}.Debug|iPhoneSimulator.ActiveCfg = Debug|Any CPU
		{4245FE96-E829-4683-A5B2-878CC07B921E}.Debug|iPhoneSimulator.Build.0 = Debug|Any CPU
		{4245FE96-E829-4683-A5B2-878CC07B921E}.Debug|iPhoneSimulator.Deploy.0 = Debug|Any CPU
		{4245FE96-E829-4683-A5B2-878CC07B921E}.Release|Any CPU.ActiveCfg = Release|Any CPU
		{4245FE96-E829-4683-A5B2-878CC07B921E}.Release|Any CPU.Build.0 = Release|Any CPU
		{4245FE96-E829-4683-A5B2-878CC07B921E}.Release|Any CPU.Deploy.0 = Release|Any CPU
		{4245FE96-E829-4683-A5B2-878CC07B921E}.Release|iPhone.ActiveCfg = Release|Any CPU
		{4245FE96-E829-4683-A5B2-878CC07B921E}.Release|iPhone.Build.0 = Release|Any CPU
		{4245FE96-E829-4683-A5B2-878CC07B921E}.Release|iPhone.Deploy.0 = Release|Any CPU
		{4245FE96-E829-4683-A5B2-878CC07B921E}.Release|iPhoneSimulator.ActiveCfg = Release|Any CPU
		{4245FE96-E829-4683-A5B2-878CC07B921E}.Release|iPhoneSimulator.Build.0 = Release|Any CPU
		{4245FE96-E829-4683-A5B2-878CC07B921E}.Release|iPhoneSimulator.Deploy.0 = Release|Any CPU
		{112C55D7-C56F-4524-8319-02AD400047B6}.Debug|Any CPU.ActiveCfg = Debug|iPhone
		{112C55D7-C56F-4524-8319-02AD400047B6}.Debug|Any CPU.Build.0 = Debug|iPhone
		{112C55D7-C56F-4524-8319-02AD400047B6}.Debug|Any CPU.Deploy.0 = Debug|iPhone
		{112C55D7-C56F-4524-8319-02AD400047B6}.Debug|iPhone.ActiveCfg = Debug|iPhone
		{112C55D7-C56F-4524-8319-02AD400047B6}.Debug|iPhone.Build.0 = Debug|iPhone
		{112C55D7-C56F-4524-8319-02AD400047B6}.Debug|iPhone.Deploy.0 = Debug|iPhone
		{112C55D7-C56F-4524-8319-02AD400047B6}.Debug|iPhoneSimulator.ActiveCfg = Debug|iPhoneSimulator
		{112C55D7-C56F-4524-8319-02AD400047B6}.Debug|iPhoneSimulator.Build.0 = Debug|iPhoneSimulator
		{112C55D7-C56F-4524-8319-02AD400047B6}.Debug|iPhoneSimulator.Deploy.0 = Debug|iPhoneSimulator
		{112C55D7-C56F-4524-8319-02AD400047B6}.Release|Any CPU.ActiveCfg = Release|iPhoneSimulator
		{112C55D7-C56F-4524-8319-02AD400047B6}.Release|Any CPU.Build.0 = Release|iPhoneSimulator
		{112C55D7-C56F-4524-8319-02AD400047B6}.Release|Any CPU.Deploy.0 = Release|iPhoneSimulator
		{112C55D7-C56F-4524-8319-02AD400047B6}.Release|iPhone.ActiveCfg = Release|iPhone
		{112C55D7-C56F-4524-8319-02AD400047B6}.Release|iPhone.Build.0 = Release|iPhone
		{112C55D7-C56F-4524-8319-02AD400047B6}.Release|iPhone.Deploy.0 = Release|iPhone
		{112C55D7-C56F-4524-8319-02AD400047B6}.Release|iPhoneSimulator.ActiveCfg = Release|iPhoneSimulator
		{112C55D7-C56F-4524-8319-02AD400047B6}.Release|iPhoneSimulator.Build.0 = Release|iPhoneSimulator
		{112C55D7-C56F-4524-8319-02AD400047B6}.Release|iPhoneSimulator.Deploy.0 = Release|iPhoneSimulator
		{8381A570-C393-49BA-88CE-21FA99E0A12A}.Debug|Any CPU.ActiveCfg = Debug|Any CPU
		{8381A570-C393-49BA-88CE-21FA99E0A12A}.Debug|Any CPU.Build.0 = Debug|Any CPU
		{8381A570-C393-49BA-88CE-21FA99E0A12A}.Debug|Any CPU.Deploy.0 = Debug|Any CPU
		{8381A570-C393-49BA-88CE-21FA99E0A12A}.Debug|iPhone.ActiveCfg = Debug|Any CPU
		{8381A570-C393-49BA-88CE-21FA99E0A12A}.Debug|iPhone.Build.0 = Debug|Any CPU
		{8381A570-C393-49BA-88CE-21FA99E0A12A}.Debug|iPhone.Deploy.0 = Debug|Any CPU
		{8381A570-C393-49BA-88CE-21FA99E0A12A}.Debug|iPhoneSimulator.ActiveCfg = Debug|Any CPU
		{8381A570-C393-49BA-88CE-21FA99E0A12A}.Debug|iPhoneSimulator.Build.0 = Debug|Any CPU
		{8381A570-C393-49BA-88CE-21FA99E0A12A}.Debug|iPhoneSimulator.Deploy.0 = Debug|Any CPU
		{8381A570-C393-49BA-88CE-21FA99E0A12A}.Release|Any CPU.ActiveCfg = Release|Any CPU
		{8381A570-C393-49BA-88CE-21FA99E0A12A}.Release|Any CPU.Build.0 = Release|Any CPU
		{8381A570-C393-49BA-88CE-21FA99E0A12A}.Release|Any CPU.Deploy.0 = Release|Any CPU
		{8381A570-C393-49BA-88CE-21FA99E0A12A}.Release|iPhone.ActiveCfg = Release|Any CPU
		{8381A570-C393-49BA-88CE-21FA99E0A12A}.Release|iPhone.Build.0 = Release|Any CPU
		{8381A570-C393-49BA-88CE-21FA99E0A12A}.Release|iPhone.Deploy.0 = Release|Any CPU
		{8381A570-C393-49BA-88CE-21FA99E0A12A}.Release|iPhoneSimulator.ActiveCfg = Release|Any CPU
		{8381A570-C393-49BA-88CE-21FA99E0A12A}.Release|iPhoneSimulator.Build.0 = Release|Any CPU
		{8381A570-C393-49BA-88CE-21FA99E0A12A}.Release|iPhoneSimulator.Deploy.0 = Release|Any CPU
	EndGlobalSection
	GlobalSection(SolutionProperties) = preSolution
		HideSolutionNode = FALSE
	EndGlobalSection
	GlobalSection(ExtensibilityGlobals) = postSolution
		SolutionGuid = {27221CD4-0977-436F-9CC1-9B7D75361D9E}
	EndGlobalSection
EndGlobal
